// !$*UTF8*$!
{
	archiveVersion = 1;
	classes = {
	};
	objectVersion = 46;
	objects = {

/* Begin PBXBuildFile section */
		03C7BC14B8531CEE40A27FBB /* libPods-VideoPlayer.a in Frameworks */ = {isa = PBXBuildFile; fileRef = E3B8E0B87B9E73AC7BA07E8A /* libPods-VideoPlayer.a */; };
		2239BB6D1DC0474C00AB56EC /* main.m in Sources */ = {isa = PBXBuildFile; fileRef = 2239BB6C1DC0474C00AB56EC /* main.m */; };
		2239BB701DC0474C00AB56EC /* AppDelegate.m in Sources */ = {isa = PBXBuildFile; fileRef = 2239BB6F1DC0474C00AB56EC /* AppDelegate.m */; };
		2239BB731DC0474C00AB56EC /* ViewController.m in Sources */ = {isa = PBXBuildFile; fileRef = 2239BB721DC0474C00AB56EC /* ViewController.m */; };
		2239BB761DC0474C00AB56EC /* Main.storyboard in Resources */ = {isa = PBXBuildFile; fileRef = 2239BB741DC0474C00AB56EC /* Main.storyboard */; };
		2239BB781DC0474C00AB56EC /* Assets.xcassets in Resources */ = {isa = PBXBuildFile; fileRef = 2239BB771DC0474C00AB56EC /* Assets.xcassets */; };
		2239BB7B1DC0474C00AB56EC /* LaunchScreen.storyboard in Resources */ = {isa = PBXBuildFile; fileRef = 2239BB791DC0474C00AB56EC /* LaunchScreen.storyboard */; };
		2239BB831DC048D800AB56EC /* 1456117847747a_x264.mp4 in Resources */ = {isa = PBXBuildFile; fileRef = 2239BB821DC048D800AB56EC /* 1456117847747a_x264.mp4 */; };
		2239BB911DC058E500AB56EC /* MovieViewController.m in Sources */ = {isa = PBXBuildFile; fileRef = 2239BB901DC058E500AB56EC /* MovieViewController.m */; };
/* End PBXBuildFile section */

/* Begin PBXFileReference section */
		2239BB681DC0474C00AB56EC /* VideoPlayer.app */ = {isa = PBXFileReference; explicitFileType = wrapper.application; includeInIndex = 0; path = VideoPlayer.app; sourceTree = BUILT_PRODUCTS_DIR; };
		2239BB6C1DC0474C00AB56EC /* main.m */ = {isa = PBXFileReference; lastKnownFileType = sourcecode.c.objc; path = main.m; sourceTree = "<group>"; };
		2239BB6E1DC0474C00AB56EC /* AppDelegate.h */ = {isa = PBXFileReference; lastKnownFileType = sourcecode.c.h; path = AppDelegate.h; sourceTree = "<group>"; };
		2239BB6F1DC0474C00AB56EC /* AppDelegate.m */ = {isa = PBXFileReference; lastKnownFileType = sourcecode.c.objc; path = AppDelegate.m; sourceTree = "<group>"; };
		2239BB711DC0474C00AB56EC /* ViewController.h */ = {isa = PBXFileReference; lastKnownFileType = sourcecode.c.h; path = ViewController.h; sourceTree = "<group>"; };
		2239BB721DC0474C00AB56EC /* ViewController.m */ = {isa = PBXFileReference; lastKnownFileType = sourcecode.c.objc; path = ViewController.m; sourceTree = "<group>"; };
		2239BB751DC0474C00AB56EC /* Base */ = {isa = PBXFileReference; lastKnownFileType = file.storyboard; name = Base; path = Base.lproj/Main.storyboard; sourceTree = "<group>"; };
		2239BB771DC0474C00AB56EC /* Assets.xcassets */ = {isa = PBXFileReference; lastKnownFileType = folder.assetcatalog; path = Assets.xcassets; sourceTree = "<group>"; };
		2239BB7A1DC0474C00AB56EC /* Base */ = {isa = PBXFileReference; lastKnownFileType = file.storyboard; name = Base; path = Base.lproj/LaunchScreen.storyboard; sourceTree = "<group>"; };
		2239BB7C1DC0474C00AB56EC /* Info.plist */ = {isa = PBXFileReference; lastKnownFileType = text.plist.xml; path = Info.plist; sourceTree = "<group>"; };
		2239BB821DC048D800AB56EC /* 1456117847747a_x264.mp4 */ = {isa = PBXFileReference; lastKnownFileType = file; name = 1456117847747a_x264.mp4; path = ../../../Desktop/1456117847747a_x264.mp4; sourceTree = "<group>"; };
		2239BB8F1DC058E500AB56EC /* MovieViewController.h */ = {isa = PBXFileReference; fileEncoding = 4; lastKnownFileType = sourcecode.c.h; path = MovieViewController.h; sourceTree = "<group>"; };
		2239BB901DC058E500AB56EC /* MovieViewController.m */ = {isa = PBXFileReference; fileEncoding = 4; lastKnownFileType = sourcecode.c.objc; path = MovieViewController.m; sourceTree = "<group>"; };
		285372A0DF7BD768210EA111 /* Pods-VideoPlayer.release.xcconfig */ = {isa = PBXFileReference; includeInIndex = 1; lastKnownFileType = text.xcconfig; name = "Pods-VideoPlayer.release.xcconfig"; path = "Pods/Target Support Files/Pods-VideoPlayer/Pods-VideoPlayer.release.xcconfig"; sourceTree = "<group>"; };
		4FEF54B07F4973FDBFB3992A /* Pods-VideoPlayer.debug.xcconfig */ = {isa = PBXFileReference; includeInIndex = 1; lastKnownFileType = text.xcconfig; name = "Pods-VideoPlayer.debug.xcconfig"; path = "Pods/Target Support Files/Pods-VideoPlayer/Pods-VideoPlayer.debug.xcconfig"; sourceTree = "<group>"; };
		E3B8E0B87B9E73AC7BA07E8A /* libPods-VideoPlayer.a */ = {isa = PBXFileReference; explicitFileType = archive.ar; includeInIndex = 0; path = "libPods-VideoPlayer.a"; sourceTree = BUILT_PRODUCTS_DIR; };
/* End PBXFileReference section */

/* Begin PBXFrameworksBuildPhase section */
		2239BB651DC0474C00AB56EC /* Frameworks */ = {
			isa = PBXFrameworksBuildPhase;
			buildActionMask = 2147483647;
			files = (
				03C7BC14B8531CEE40A27FBB /* libPods-VideoPlayer.a in Frameworks */,
			);
			runOnlyForDeploymentPostprocessing = 0;
		};
/* End PBXFrameworksBuildPhase section */

/* Begin PBXGroup section */
		2239BB5F1DC0474C00AB56EC = {
			isa = PBXGroup;
			children = (
				2239BB6A1DC0474C00AB56EC /* VideoPlayer */,
				2239BB691DC0474C00AB56EC /* Products */,
				F39D532C3A6206BE4647C49B /* Pods */,
				4D67FA50C08AC4CCF55D6B39 /* Frameworks */,
			);
			sourceTree = "<group>";
		};
		2239BB691DC0474C00AB56EC /* Products */ = {
			isa = PBXGroup;
			children = (
				2239BB681DC0474C00AB56EC /* VideoPlayer.app */,
			);
			name = Products;
			sourceTree = "<group>";
		};
		2239BB6A1DC0474C00AB56EC /* VideoPlayer */ = {
			isa = PBXGroup;
			children = (
				2239BB821DC048D800AB56EC /* 1456117847747a_x264.mp4 */,
				2239BB8F1DC058E500AB56EC /* MovieViewController.h */,
				2239BB901DC058E500AB56EC /* MovieViewController.m */,
				2239BB6E1DC0474C00AB56EC /* AppDelegate.h */,
				2239BB6F1DC0474C00AB56EC /* AppDelegate.m */,
				2239BB711DC0474C00AB56EC /* ViewController.h */,
				2239BB721DC0474C00AB56EC /* ViewController.m */,
				2239BB741DC0474C00AB56EC /* Main.storyboard */,
				2239BB771DC0474C00AB56EC /* Assets.xcassets */,
				2239BB791DC0474C00AB56EC /* LaunchScreen.storyboard */,
				2239BB7C1DC0474C00AB56EC /* Info.plist */,
				2239BB6B1DC0474C00AB56EC /* Supporting Files */,
			);
			path = VideoPlayer;
			sourceTree = "<group>";
		};
		2239BB6B1DC0474C00AB56EC /* Supporting Files */ = {
			isa = PBXGroup;
			children = (
				2239BB6C1DC0474C00AB56EC /* main.m */,
			);
			name = "Supporting Files";
			sourceTree = "<group>";
		};
		4D67FA50C08AC4CCF55D6B39 /* Frameworks */ = {
			isa = PBXGroup;
			children = (
				E3B8E0B87B9E73AC7BA07E8A /* libPods-VideoPlayer.a */,
			);
			name = Frameworks;
			sourceTree = "<group>";
		};
		F39D532C3A6206BE4647C49B /* Pods */ = {
			isa = PBXGroup;
			children = (
				4FEF54B07F4973FDBFB3992A /* Pods-VideoPlayer.debug.xcconfig */,
				285372A0DF7BD768210EA111 /* Pods-VideoPlayer.release.xcconfig */,
			);
			name = Pods;
			sourceTree = "<group>";
		};
/* End PBXGroup section */

/* Begin PBXNativeTarget section */
		2239BB671DC0474C00AB56EC /* VideoPlayer */ = {
			isa = PBXNativeTarget;
			buildConfigurationList = 2239BB7F1DC0474C00AB56EC /* Build configuration list for PBXNativeTarget "VideoPlayer" */;
			buildPhases = (
				7F094FCD788DD41C52B32196 /* [CP] Check Pods Manifest.lock */,
				2239BB641DC0474C00AB56EC /* Sources */,
				2239BB651DC0474C00AB56EC /* Frameworks */,
				2239BB661DC0474C00AB56EC /* Resources */,
				C862EAAA4715122D44BEAFF2 /* [CP] Embed Pods Frameworks */,
				A05F179E6D42FDE481E589F7 /* [CP] Copy Pods Resources */,
			);
			buildRules = (
			);
			dependencies = (
			);
			name = VideoPlayer;
			productName = VideoPlayer;
			productReference = 2239BB681DC0474C00AB56EC /* VideoPlayer.app */;
			productType = "com.apple.product-type.application";
		};
/* End PBXNativeTarget section */

/* Begin PBXProject section */
		2239BB601DC0474C00AB56EC /* Project object */ = {
			isa = PBXProject;
			attributes = {
				LastUpgradeCheck = 0800;
				ORGANIZATIONNAME = com.syj.app;
				TargetAttributes = {
					2239BB671DC0474C00AB56EC = {
						CreatedOnToolsVersion = 8.0;
						DevelopmentTeam = A6524QBUHH;
						ProvisioningStyle = Automatic;
					};
				};
			};
			buildConfigurationList = 2239BB631DC0474C00AB56EC /* Build configuration list for PBXProject "VideoPlayer" */;
			compatibilityVersion = "Xcode 3.2";
			developmentRegion = English;
			hasScannedForEncodings = 0;
			knownRegions = (
				en,
				Base,
			);
			mainGroup = 2239BB5F1DC0474C00AB56EC;
			productRefGroup = 2239BB691DC0474C00AB56EC /* Products */;
			projectDirPath = "";
			projectRoot = "";
			targets = (
				2239BB671DC0474C00AB56EC /* VideoPlayer */,
			);
		};
/* End PBXProject section */

/* Begin PBXResourcesBuildPhase section */
		2239BB661DC0474C00AB56EC /* Resources */ = {
			isa = PBXResourcesBuildPhase;
			buildActionMask = 2147483647;
			files = (
				2239BB831DC048D800AB56EC /* 1456117847747a_x264.mp4 in Resources */,
				2239BB7B1DC0474C00AB56EC /* LaunchScreen.storyboard in Resources */,
				2239BB781DC0474C00AB56EC /* Assets.xcassets in Resources */,
				2239BB761DC0474C00AB56EC /* Main.storyboard in Resources */,
			);
			runOnlyForDeploymentPostprocessing = 0;
		};
/* End PBXResourcesBuildPhase section */

/* Begin PBXShellScriptBuildPhase section */
		7F094FCD788DD41C52B32196 /* [CP] Check Pods Manifest.lock */ = {
			isa = PBXShellScriptBuildPhase;
			buildActionMask = 2147483647;
			files = (
			);
			inputPaths = (
			);
			name = "[CP] Check Pods Manifest.lock";
			outputPaths = (
			);
			runOnlyForDeploymentPostprocessing = 0;
			shellPath = /bin/sh;
			shellScript = "diff \"${PODS_ROOT}/../Podfile.lock\" \"${PODS_ROOT}/Manifest.lock\" > /dev/null\nif [[ $? != 0 ]] ; then\n    cat << EOM\nerror: The sandbox is not in sync with the Podfile.lock. Run 'pod install' or update your CocoaPods installation.\nEOM\n    exit 1\nfi\n";
			showEnvVarsInLog = 0;
		};
		A05F179E6D42FDE481E589F7 /* [CP] Copy Pods Resources */ = {
			isa = PBXShellScriptBuildPhase;
			buildActionMask = 2147483647;
			files = (
			);
			inputPaths = (
			);
			name = "[CP] Copy Pods Resources";
			outputPaths = (
			);
			runOnlyForDeploymentPostprocessing = 0;
			shellPath = /bin/sh;
			shellScript = "\"${SRCROOT}/Pods/Target Support Files/Pods-VideoPlayer/Pods-VideoPlayer-resources.sh\"\n";
			showEnvVarsInLog = 0;
		};
		C862EAAA4715122D44BEAFF2 /* [CP] Embed Pods Frameworks */ = {
			isa = PBXShellScriptBuildPhase;
			buildActionMask = 2147483647;
			files = (
			);
			inputPaths = (
			);
			name = "[CP] Embed Pods Frameworks";
			outputPaths = (
			);
			runOnlyForDeploymentPostprocessing = 0;
			shellPath = /bin/sh;
			shellScript = "\"${SRCROOT}/Pods/Target Support Files/Pods-VideoPlayer/Pods-VideoPlayer-frameworks.sh\"\n";
			showEnvVarsInLog = 0;
		};
/* End PBXShellScriptBuildPhase section */

/* Begin PBXSourcesBuildPhase section */
		2239BB641DC0474C00AB56EC /* Sources */ = {
			isa = PBXSourcesBuildPhase;
			buildActionMask = 2147483647;
			files = (
				2239BB731DC0474C00AB56EC /* ViewController.m in Sources */,
				2239BB701DC0474C00AB56EC /* AppDelegate.m in Sources */,
				2239BB6D1DC0474C00AB56EC /* main.m in Sources */,
				2239BB911DC058E500AB56EC /* MovieViewController.m in Sources */,
			);
			runOnlyForDeploymentPostprocessing = 0;
		};
/* End PBXSourcesBuildPhase section */

/* Begin PBXVariantGroup section */
		2239BB741DC0474C00AB56EC /* Main.storyboard */ = {
			isa = PBXVariantGroup;
			children = (
				2239BB751DC0474C00AB56EC /* Base */,
			);
			name = Main.storyboard;
			sourceTree = "<group>";
		};
		2239BB791DC0474C00AB56EC /* LaunchScreen.storyboard */ = {
			isa = PBXVariantGroup;
			children = (
				2239BB7A1DC0474C00AB56EC /* Base */,
			);
			name = LaunchScreen.storyboard;
			sourceTree = "<group>";
		};
/* End PBXVariantGroup section */

/* Begin XCBuildConfiguration section */
		2239BB7D1DC0474C00AB56EC /* Debug */ = {
			isa = XCBuildConfiguration;
			buildSettings = {
				ALWAYS_SEARCH_USER_PATHS = NO;
				CLANG_ANALYZER_NONNULL = YES;
				CLANG_CXX_LANGUAGE_STANDARD = "gnu++0x";
				CLANG_CXX_LIBRARY = "libc++";
				CLANG_ENABLE_MODULES = YES;
				CLANG_ENABLE_OBJC_ARC = YES;
				CLANG_WARN_BOOL_CONVERSION = YES;
				CLANG_WARN_CONSTANT_CONVERSION = YES;
				CLANG_WARN_DIRECT_OBJC_ISA_USAGE = YES_ERROR;
				CLANG_WARN_DOCUMENTATION_COMMENTS = YES;
				CLANG_WARN_EMPTY_BODY = YES;
				CLANG_WARN_ENUM_CONVERSION = YES;
				CLANG_WARN_INFINITE_RECURSION = YES;
				CLANG_WARN_INT_CONVERSION = YES;
				CLANG_WARN_OBJC_ROOT_CLASS = YES_ERROR;
				CLANG_WARN_SUSPICIOUS_MOVES = YES;
				CLANG_WARN_UNREACHABLE_CODE = YES;
				CLANG_WARN__DUPLICATE_METHOD_MATCH = YES;
				"CODE_SIGN_IDENTITY[sdk=iphoneos*]" = "iPhone Developer";
				COPY_PHASE_STRIP = NO;
				DEBUG_INFORMATION_FORMAT = dwarf;
				ENABLE_STRICT_OBJC_MSGSEND = YES;
				ENABLE_TESTABILITY = YES;
				GCC_C_LANGUAGE_STANDARD = gnu99;
				GCC_DYNAMIC_NO_PIC = NO;
				GCC_NO_COMMON_BLOCKS = YES;
				GCC_OPTIMIZATION_LEVEL = 0;
				GCC_PREPROCESSOR_DEFINITIONS = (
					"DEBUG=1",
					"$(inherited)",
				);
				GCC_WARN_64_TO_32_BIT_CONVERSION = YES;
				GCC_WARN_ABOUT_RETURN_TYPE = YES_ERROR;
				GCC_WARN_UNDECLARED_SELECTOR = YES;
				GCC_WARN_UNINITIALIZED_AUTOS = YES_AGGRESSIVE;
				GCC_WARN_UNUSED_FUNCTION = YES;
				GCC_WARN_UNUSED_VARIABLE = YES;
				IPHONEOS_DEPLOYMENT_TARGET = 10.0;
				MTL_ENABLE_DEBUG_INFO = YES;
				ONLY_ACTIVE_ARCH = YES;
				SDKROOT = iphoneos;
				TARGETED_DEVICE_FAMILY = "1,2";
			};
			name = Debug;
		};
		2239BB7E1DC0474C00AB56EC /* Release */ = {
			isa = XCBuildConfiguration;
			buildSettings = {
				ALWAYS_SEARCH_USER_PATHS = NO;
				CLANG_ANALYZER_NONNULL = YES;
				CLANG_CXX_LANGUAGE_STANDARD = "gnu++0x";
				CLANG_CXX_LIBRARY = "libc++";
				CLANG_ENABLE_MODULES = YES;
				CLANG_ENABLE_OBJC_ARC = YES;
				CLANG_WARN_BOOL_CONVERSION = YES;
				CLANG_WARN_CONSTANT_CONVERSION = YES;
				CLANG_WARN_DIRECT_OBJC_ISA_USAGE = YES_ERROR;
				CLANG_WARN_DOCUMENTATION_COMMENTS = YES;
				CLANG_WARN_EMPTY_BODY = YES;
				CLANG_WARN_ENUM_CONVERSION = YES;
				CLANG_WARN_INFINITE_RECURSION = YES;
				CLANG_WARN_INT_CONVERSION = YES;
				CLANG_WARN_OBJC_ROOT_CLASS = YES_ERROR;
				CLANG_WARN_SUSPICIOUS_MOVES = YES;
				CLANG_WARN_UNREACHABLE_CODE = YES;
				CLANG_WARN__DUPLICATE_METHOD_MATCH = YES;
				"CODE_SIGN_IDENTITY[sdk=iphoneos*]" = "iPhone Developer";
				COPY_PHASE_STRIP = NO;
				DEBUG_INFORMATION_FORMAT = "dwarf-with-dsym";
				ENABLE_NS_ASSERTIONS = NO;
				ENABLE_STRICT_OBJC_MSGSEND = YES;
				GCC_C_LANGUAGE_STANDARD = gnu99;
				GCC_NO_COMMON_BLOCKS = YES;
				GCC_WARN_64_TO_32_BIT_CONVERSION = YES;
				GCC_WARN_ABOUT_RETURN_TYPE = YES_ERROR;
				GCC_WARN_UNDECLARED_SELECTOR = YES;
				GCC_WARN_UNINITIALIZED_AUTOS = YES_AGGRESSIVE;
				GCC_WARN_UNUSED_FUNCTION = YES;
				GCC_WARN_UNUSED_VARIABLE = YES;
				IPHONEOS_DEPLOYMENT_TARGET = 10.0;
				MTL_ENABLE_DEBUG_INFO = NO;
				SDKROOT = iphoneos;
				TARGETED_DEVICE_FAMILY = "1,2";
				VALIDATE_PRODUCT = YES;
			};
			name = Release;
		};
		2239BB801DC0474C00AB56EC /* Debug */ = {
			isa = XCBuildConfiguration;
			baseConfigurationReference = 4FEF54B07F4973FDBFB3992A /* Pods-VideoPlayer.debug.xcconfig */;
			buildSettings = {
				ASSETCATALOG_COMPILER_APPICON_NAME = AppIcon;
				DEVELOPMENT_TEAM = A6524QBUHH;
				INFOPLIST_FILE = VideoPlayer/Info.plist;
				IPHONEOS_DEPLOYMENT_TARGET = 8.0;
				LD_RUNPATH_SEARCH_PATHS = "$(inherited) @executable_path/Frameworks";
				PRODUCT_BUNDLE_IDENTIFIER = com.syj.app.news.VideoPlayer;
				PRODUCT_NAME = "$(TARGET_NAME)";
				TARGETED_DEVICE_FAMILY = "1,2";
			};
			name = Debug;
		};
		2239BB811DC0474C00AB56EC /* Release */ = {
			isa = XCBuildConfiguration;
			baseConfigurationReference = 285372A0DF7BD768210EA111 /* Pods-VideoPlayer.release.xcconfig */;
			buildSettings = {
				ASSETCATALOG_COMPILER_APPICON_NAME = AppIcon;
				DEVELOPMENT_TEAM = A6524QBUHH;
				INFOPLIST_FILE = VideoPlayer/Info.plist;
				IPHONEOS_DEPLOYMENT_TARGET = 8.0;
				LD_RUNPATH_SEARCH_PATHS = "$(inherited) @executable_path/Frameworks";
				PRODUCT_BUNDLE_IDENTIFIER = com.syj.app.news.VideoPlayer;
				PRODUCT_NAME = "$(TARGET_NAME)";
				TARGETED_DEVICE_FAMILY = "1,2";
			};
			name = Release;
		};
/* End XCBuildConfiguration section */

/* Begin XCConfigurationList section */
		2239BB631DC0474C00AB56EC /* Build configuration list for PBXProject "VideoPlayer" */ = {
			isa = XCConfigurationList;
			buildConfigurations = (
				2239BB7D1DC0474C00AB56EC /* Debug */,
				2239BB7E1DC0474C00AB56EC /* Release */,
			);
			defaultConfigurationIsVisible = 0;
			defaultConfigurationName = Release;
		};
		2239BB7F1DC0474C00AB56EC /* Build configuration list for PBXNativeTarget "VideoPlayer" */ = {
			isa = XCConfigurationList;
			buildConfigurations = (
				2239BB801DC0474C00AB56EC /* Debug */,
				2239BB811DC0474C00AB56EC /* Release */,
			);
			defaultConfigurationIsVisible = 0;
			defaultConfigurationName = Release;
		};
/* End XCConfigurationList section */
	};
	rootObject = 2239BB601DC0474C00AB56EC /* Project object */;
}
